// !$*UTF8*$!
{
	archiveVersion = 1;
	classes = {
	};
	objectVersion = 56;
	objects = {

/* Begin PBXBuildFile section */
		4AABE3A72AD2E6E70065FADD /* water_quality.json in Resources */ = {isa = PBXBuildFile; fileRef = 4AABE3A62AD2E6E70065FADD /* water_quality.json */; };
		4AABE3A92AD2EBE60065FADD /* ShowMapView.swift in Sources */ = {isa = PBXBuildFile; fileRef = 4AABE3A82AD2EBE60065FADD /* ShowMapView.swift */; };
		4AABE3AB2AD2EC230065FADD /* LocationViewModel.swift in Sources */ = {isa = PBXBuildFile; fileRef = 4AABE3AA2AD2EC230065FADD /* LocationViewModel.swift */; };
		4AABE3AE2AD2F88F0065FADD /* NASA_spaceapps.ipynb in Resources */ = {isa = PBXBuildFile; fileRef = 4AABE3AD2AD2F88F0065FADD /* NASA_spaceapps.ipynb */; };
		760DCFF52AD167EE004D9315 /* TerraApp.swift in Sources */ = {isa = PBXBuildFile; fileRef = 760DCFF42AD167EE004D9315 /* TerraApp.swift */; };
		760DCFF72AD167EE004D9315 /* ContentView.swift in Sources */ = {isa = PBXBuildFile; fileRef = 760DCFF62AD167EE004D9315 /* ContentView.swift */; };
		760DCFF92AD167EF004D9315 /* Assets.xcassets in Resources */ = {isa = PBXBuildFile; fileRef = 760DCFF82AD167EF004D9315 /* Assets.xcassets */; };
		760DCFFC2AD167EF004D9315 /* Preview Assets.xcassets in Resources */ = {isa = PBXBuildFile; fileRef = 760DCFFB2AD167EF004D9315 /* Preview Assets.xcassets */; };
		760DD0032AD16E7C004D9315 /* SearchBar.swift in Sources */ = {isa = PBXBuildFile; fileRef = 760DD0022AD16E7C004D9315 /* SearchBar.swift */; };
		760DD0052AD17303004D9315 /* HorizontalCardComponent.swift in Sources */ = {isa = PBXBuildFile; fileRef = 760DD0042AD17303004D9315 /* HorizontalCardComponent.swift */; };
		760DD0072AD1906C004D9315 /* VerticalCardComponent.swift in Sources */ = {isa = PBXBuildFile; fileRef = 760DD0062AD1906C004D9315 /* VerticalCardComponent.swift */; };
		760DD0092AD1A9CB004D9315 /* TextViewModel.swift in Sources */ = {isa = PBXBuildFile; fileRef = 760DD0082AD1A9CB004D9315 /* TextViewModel.swift */; };
		760DD00B2AD1B16C004D9315 /* BeachDetailView.swift in Sources */ = {isa = PBXBuildFile; fileRef = 760DD00A2AD1B16B004D9315 /* BeachDetailView.swift */; };
		760DD00D2AD1B373004D9315 /* BeachModel.swift in Sources */ = {isa = PBXBuildFile; fileRef = 760DD00C2AD1B373004D9315 /* BeachModel.swift */; };
		760DD00F2AD1B939004D9315 /* BeachCardViewModel.swift in Sources */ = {isa = PBXBuildFile; fileRef = 760DD00E2AD1B939004D9315 /* BeachCardViewModel.swift */; };
		763225032AD2D0EF006B843B /* CautionView.swift in Sources */ = {isa = PBXBuildFile; fileRef = 763225022AD2D0EF006B843B /* CautionView.swift */; };
		763225052AD2E673006B843B /* CreatureDetailView.swift in Sources */ = {isa = PBXBuildFile; fileRef = 763225042AD2E673006B843B /* CreatureDetailView.swift */; };
/* End PBXBuildFile section */

/* Begin PBXFileReference section */
		4AABE3A62AD2E6E70065FADD /* water_quality.json */ = {isa = PBXFileReference; fileEncoding = 4; lastKnownFileType = text.json; path = water_quality.json; sourceTree = "<group>"; };
		4AABE3A82AD2EBE60065FADD /* ShowMapView.swift */ = {isa = PBXFileReference; lastKnownFileType = sourcecode.swift; path = ShowMapView.swift; sourceTree = "<group>"; };
		4AABE3AA2AD2EC230065FADD /* LocationViewModel.swift */ = {isa = PBXFileReference; lastKnownFileType = sourcecode.swift; path = LocationViewModel.swift; sourceTree = "<group>"; };
		4AABE3AD2AD2F88F0065FADD /* NASA_spaceapps.ipynb */ = {isa = PBXFileReference; fileEncoding = 4; lastKnownFileType = text; path = NASA_spaceapps.ipynb; sourceTree = "<group>"; };
		760DCFF12AD167EE004D9315 /* Terra.app */ = {isa = PBXFileReference; explicitFileType = wrapper.application; includeInIndex = 0; path = Terra.app; sourceTree = BUILT_PRODUCTS_DIR; };
		760DCFF42AD167EE004D9315 /* TerraApp.swift */ = {isa = PBXFileReference; lastKnownFileType = sourcecode.swift; path = TerraApp.swift; sourceTree = "<group>"; };
		760DCFF62AD167EE004D9315 /* ContentView.swift */ = {isa = PBXFileReference; lastKnownFileType = sourcecode.swift; path = ContentView.swift; sourceTree = "<group>"; };
		760DCFF82AD167EF004D9315 /* Assets.xcassets */ = {isa = PBXFileReference; lastKnownFileType = folder.assetcatalog; path = Assets.xcassets; sourceTree = "<group>"; };
		760DCFFB2AD167EF004D9315 /* Preview Assets.xcassets */ = {isa = PBXFileReference; lastKnownFileType = folder.assetcatalog; path = "Preview Assets.xcassets"; sourceTree = "<group>"; };
		760DD0022AD16E7C004D9315 /* SearchBar.swift */ = {isa = PBXFileReference; lastKnownFileType = sourcecode.swift; path = SearchBar.swift; sourceTree = "<group>"; };
		760DD0042AD17303004D9315 /* HorizontalCardComponent.swift */ = {isa = PBXFileReference; lastKnownFileType = sourcecode.swift; path = HorizontalCardComponent.swift; sourceTree = "<group>"; };
		760DD0062AD1906C004D9315 /* VerticalCardComponent.swift */ = {isa = PBXFileReference; lastKnownFileType = sourcecode.swift; path = VerticalCardComponent.swift; sourceTree = "<group>"; };
		760DD0082AD1A9CB004D9315 /* TextViewModel.swift */ = {isa = PBXFileReference; lastKnownFileType = sourcecode.swift; path = TextViewModel.swift; sourceTree = "<group>"; };
		760DD00A2AD1B16B004D9315 /* BeachDetailView.swift */ = {isa = PBXFileReference; lastKnownFileType = sourcecode.swift; path = BeachDetailView.swift; sourceTree = "<group>"; };
		760DD00C2AD1B373004D9315 /* BeachModel.swift */ = {isa = PBXFileReference; lastKnownFileType = sourcecode.swift; path = BeachModel.swift; sourceTree = "<group>"; };
		760DD00E2AD1B939004D9315 /* BeachCardViewModel.swift */ = {isa = PBXFileReference; lastKnownFileType = sourcecode.swift; path = BeachCardViewModel.swift; sourceTree = "<group>"; };
		763225022AD2D0EF006B843B /* CautionView.swift */ = {isa = PBXFileReference; lastKnownFileType = sourcecode.swift; path = CautionView.swift; sourceTree = "<group>"; };
		763225042AD2E673006B843B /* CreatureDetailView.swift */ = {isa = PBXFileReference; lastKnownFileType = sourcecode.swift; path = CreatureDetailView.swift; sourceTree = "<group>"; };
/* End PBXFileReference section */

/* Begin PBXFrameworksBuildPhase section */
		760DCFEE2AD167EE004D9315 /* Frameworks */ = {
			isa = PBXFrameworksBuildPhase;
			buildActionMask = 2147483647;
			files = (
			);
			runOnlyForDeploymentPostprocessing = 0;
		};
/* End PBXFrameworksBuildPhase section */

/* Begin PBXGroup section */
		4AABE3AC2AD2F86E0065FADD /* Data */ = {
			isa = PBXGroup;
			children = (
				4AABE3AD2AD2F88F0065FADD /* NASA_spaceapps.ipynb */,
			);
			path = Data;
			sourceTree = "<group>";
		};
		760DCFE82AD167EE004D9315 = {
			isa = PBXGroup;
			children = (
				4AABE3AC2AD2F86E0065FADD /* Data */,
				760DCFF32AD167EE004D9315 /* Terra */,
				760DCFF22AD167EE004D9315 /* Products */,
			);
			sourceTree = "<group>";
		};
		760DCFF22AD167EE004D9315 /* Products */ = {
			isa = PBXGroup;
			children = (
				760DCFF12AD167EE004D9315 /* Terra.app */,
			);
			name = Products;
			sourceTree = "<group>";
		};
		760DCFF32AD167EE004D9315 /* Terra */ = {
			isa = PBXGroup;
			children = (
				760DCFF42AD167EE004D9315 /* TerraApp.swift */,
				763225042AD2E673006B843B /* CreatureDetailView.swift */,
				760DCFF62AD167EE004D9315 /* ContentView.swift */,
				760DD00C2AD1B373004D9315 /* BeachModel.swift */,
				4AABE3A82AD2EBE60065FADD /* ShowMapView.swift */,
				4AABE3AA2AD2EC230065FADD /* LocationViewModel.swift */,
				4AABE3A62AD2E6E70065FADD /* water_quality.json */,
				763225022AD2D0EF006B843B /* CautionView.swift */,
				760DD00E2AD1B939004D9315 /* BeachCardViewModel.swift */,
				760DD00A2AD1B16B004D9315 /* BeachDetailView.swift */,
				760DCFF82AD167EF004D9315 /* Assets.xcassets */,
				760DCFFA2AD167EF004D9315 /* Preview Content */,
				760DD0022AD16E7C004D9315 /* SearchBar.swift */,
				760DD0042AD17303004D9315 /* HorizontalCardComponent.swift */,
				760DD0062AD1906C004D9315 /* VerticalCardComponent.swift */,
			);
			path = Terra;
			sourceTree = "<group>";
		};
		760DCFFA2AD167EF004D9315 /* Preview Content */ = {
			isa = PBXGroup;
			children = (
				760DCFFB2AD167EF004D9315 /* Preview Assets.xcassets */,
				760DD0082AD1A9CB004D9315 /* TextViewModel.swift */,
			);
			path = "Preview Content";
			sourceTree = "<group>";
		};
/* End PBXGroup section */

/* Begin PBXNativeTarget section */
		760DCFF02AD167EE004D9315 /* Terra */ = {
			isa = PBXNativeTarget;
			buildConfigurationList = 760DCFFF2AD167EF004D9315 /* Build configuration list for PBXNativeTarget "Terra" */;
			buildPhases = (
				760DCFED2AD167EE004D9315 /* Sources */,
				760DCFEE2AD167EE004D9315 /* Frameworks */,
				760DCFEF2AD167EE004D9315 /* Resources */,
			);
			buildRules = (
			);
			dependencies = (
			);
			name = Terra;
			productName = Terra;
			productReference = 760DCFF12AD167EE004D9315 /* Terra.app */;
			productType = "com.apple.product-type.application";
		};
/* End PBXNativeTarget section */

/* Begin PBXProject section */
		760DCFE92AD167EE004D9315 /* Project object */ = {
			isa = PBXProject;
			attributes = {
				BuildIndependentTargetsInParallel = 1;
				LastSwiftUpdateCheck = 1500;
				LastUpgradeCheck = 1500;
				TargetAttributes = {
					760DCFF02AD167EE004D9315 = {
						CreatedOnToolsVersion = 15.0;
					};
				};
			};
			buildConfigurationList = 760DCFEC2AD167EE004D9315 /* Build configuration list for PBXProject "Terra" */;
			compatibilityVersion = "Xcode 14.0";
			developmentRegion = en;
			hasScannedForEncodings = 0;
			knownRegions = (
				en,
				Base,
			);
			mainGroup = 760DCFE82AD167EE004D9315;
			productRefGroup = 760DCFF22AD167EE004D9315 /* Products */;
			projectDirPath = "";
			projectRoot = "";
			targets = (
				760DCFF02AD167EE004D9315 /* Terra */,
			);
		};
/* End PBXProject section */

/* Begin PBXResourcesBuildPhase section */
		760DCFEF2AD167EE004D9315 /* Resources */ = {
			isa = PBXResourcesBuildPhase;
			buildActionMask = 2147483647;
			files = (
				760DCFFC2AD167EF004D9315 /* Preview Assets.xcassets in Resources */,
				4AABE3A72AD2E6E70065FADD /* water_quality.json in Resources */,
				4AABE3AE2AD2F88F0065FADD /* NASA_spaceapps.ipynb in Resources */,
				760DCFF92AD167EF004D9315 /* Assets.xcassets in Resources */,
			);
			runOnlyForDeploymentPostprocessing = 0;
		};
/* End PBXResourcesBuildPhase section */

/* Begin PBXSourcesBuildPhase section */
		760DCFED2AD167EE004D9315 /* Sources */ = {
			isa = PBXSourcesBuildPhase;
			buildActionMask = 2147483647;
			files = (
				760DD00F2AD1B939004D9315 /* BeachCardViewModel.swift in Sources */,
				760DCFF72AD167EE004D9315 /* ContentView.swift in Sources */,
				763225032AD2D0EF006B843B /* CautionView.swift in Sources */,
				4AABE3A92AD2EBE60065FADD /* ShowMapView.swift in Sources */,
				760DCFF52AD167EE004D9315 /* TerraApp.swift in Sources */,
				760DD00B2AD1B16C004D9315 /* BeachDetailView.swift in Sources */,
				760DD0032AD16E7C004D9315 /* SearchBar.swift in Sources */,
				4AABE3AB2AD2EC230065FADD /* LocationViewModel.swift in Sources */,
				760DD0092AD1A9CB004D9315 /* TextViewModel.swift in Sources */,
				760DD0052AD17303004D9315 /* HorizontalCardComponent.swift in Sources */,
				760DD0072AD1906C004D9315 /* VerticalCardComponent.swift in Sources */,
				760DD00D2AD1B373004D9315 /* BeachModel.swift in Sources */,
				763225052AD2E673006B843B /* CreatureDetailView.swift in Sources */,
			);
			runOnlyForDeploymentPostprocessing = 0;
		};
/* End PBXSourcesBuildPhase section */

/* Begin XCBuildConfiguration section */
		760DCFFD2AD167EF004D9315 /* Debug */ = {
			isa = XCBuildConfiguration;
			buildSettings = {
				ALWAYS_SEARCH_USER_PATHS = NO;
				ASSETCATALOG_COMPILER_GENERATE_SWIFT_ASSET_SYMBOL_EXTENSIONS = YES;
				CLANG_ANALYZER_NONNULL = YES;
				CLANG_ANALYZER_NUMBER_OBJECT_CONVERSION = YES_AGGRESSIVE;
				CLANG_CXX_LANGUAGE_STANDARD = "gnu++20";
				CLANG_ENABLE_MODULES = YES;
				CLANG_ENABLE_OBJC_ARC = YES;
				CLANG_ENABLE_OBJC_WEAK = YES;
				CLANG_WARN_BLOCK_CAPTURE_AUTORELEASING = YES;
				CLANG_WARN_BOOL_CONVERSION = YES;
				CLANG_WARN_COMMA = YES;
				CLANG_WARN_CONSTANT_CONVERSION = YES;
				CLANG_WARN_DEPRECATED_OBJC_IMPLEMENTATIONS = YES;
				CLANG_WARN_DIRECT_OBJC_ISA_USAGE = YES_ERROR;
				CLANG_WARN_DOCUMENTATION_COMMENTS = YES;
				CLANG_WARN_EMPTY_BODY = YES;
				CLANG_WARN_ENUM_CONVERSION = YES;
				CLANG_WARN_INFINITE_RECURSION = YES;
				CLANG_WARN_INT_CONVERSION = YES;
				CLANG_WARN_NON_LITERAL_NULL_CONVERSION = YES;
				CLANG_WARN_OBJC_IMPLICIT_RETAIN_SELF = YES;
				CLANG_WARN_OBJC_LITERAL_CONVERSION = YES;
				CLANG_WARN_OBJC_ROOT_CLASS = YES_ERROR;
				CLANG_WARN_QUOTED_INCLUDE_IN_FRAMEWORK_HEADER = YES;
				CLANG_WARN_RANGE_LOOP_ANALYSIS = YES;
				CLANG_WARN_STRICT_PROTOTYPES = YES;
				CLANG_WARN_SUSPICIOUS_MOVE = YES;
				CLANG_WARN_UNGUARDED_AVAILABILITY = YES_AGGRESSIVE;
				CLANG_WARN_UNREACHABLE_CODE = YES;
				CLANG_WARN__DUPLICATE_METHOD_MATCH = YES;
				COPY_PHASE_STRIP = NO;
				DEBUG_INFORMATION_FORMAT = dwarf;
				ENABLE_STRICT_OBJC_MSGSEND = YES;
				ENABLE_TESTABILITY = YES;
				ENABLE_USER_SCRIPT_SANDBOXING = YES;
				GCC_C_LANGUAGE_STANDARD = gnu17;
				GCC_DYNAMIC_NO_PIC = NO;
				GCC_NO_COMMON_BLOCKS = YES;
				GCC_OPTIMIZATION_LEVEL = 0;
				GCC_PREPROCESSOR_DEFINITIONS = (
					"DEBUG=1",
					"$(inherited)",
				);
				GCC_WARN_64_TO_32_BIT_CONVERSION = YES;
				GCC_WARN_ABOUT_RETURN_TYPE = YES_ERROR;
				GCC_WARN_UNDECLARED_SELECTOR = YES;
				GCC_WARN_UNINITIALIZED_AUTOS = YES_AGGRESSIVE;
				GCC_WARN_UNUSED_FUNCTION = YES;
				GCC_WARN_UNUSED_VARIABLE = YES;
				IPHONEOS_DEPLOYMENT_TARGET = 17.0;
				LOCALIZATION_PREFERS_STRING_CATALOGS = YES;
				MTL_ENABLE_DEBUG_INFO = INCLUDE_SOURCE;
				MTL_FAST_MATH = YES;
				ONLY_ACTIVE_ARCH = YES;
				SDKROOT = iphoneos;
				SWIFT_ACTIVE_COMPILATION_CONDITIONS = "DEBUG $(inherited)";
				SWIFT_OPTIMIZATION_LEVEL = "-Onone";
			};
			name = Debug;
		};
		760DCFFE2AD167EF004D9315 /* Release */ = {
			isa = XCBuildConfiguration;
			buildSettings = {
				ALWAYS_SEARCH_USER_PATHS = NO;
				ASSETCATALOG_COMPILER_GENERATE_SWIFT_ASSET_SYMBOL_EXTENSIONS = YES;
				CLANG_ANALYZER_NONNULL = YES;
				CLANG_ANALYZER_NUMBER_OBJECT_CONVERSION = YES_AGGRESSIVE;
				CLANG_CXX_LANGUAGE_STANDARD = "gnu++20";
				CLANG_ENABLE_MODULES = YES;
				CLANG_ENABLE_OBJC_ARC = YES;
				CLANG_ENABLE_OBJC_WEAK = YES;
				CLANG_WARN_BLOCK_CAPTURE_AUTORELEASING = YES;
				CLANG_WARN_BOOL_CONVERSION = YES;
				CLANG_WARN_COMMA = YES;
				CLANG_WARN_CONSTANT_CONVERSION = YES;
				CLANG_WARN_DEPRECATED_OBJC_IMPLEMENTATIONS = YES;
				CLANG_WARN_DIRECT_OBJC_ISA_USAGE = YES_ERROR;
				CLANG_WARN_DOCUMENTATION_COMMENTS = YES;
				CLANG_WARN_EMPTY_BODY = YES;
				CLANG_WARN_ENUM_CONVERSION = YES;
				CLANG_WARN_INFINITE_RECURSION = YES;
				CLANG_WARN_INT_CONVERSION = YES;
				CLANG_WARN_NON_LITERAL_NULL_CONVERSION = YES;
				CLANG_WARN_OBJC_IMPLICIT_RETAIN_SELF = YES;
				CLANG_WARN_OBJC_LITERAL_CONVERSION = YES;
				CLANG_WARN_OBJC_ROOT_CLASS = YES_ERROR;
				CLANG_WARN_QUOTED_INCLUDE_IN_FRAMEWORK_HEADER = YES;
				CLANG_WARN_RANGE_LOOP_ANALYSIS = YES;
				CLANG_WARN_STRICT_PROTOTYPES = YES;
				CLANG_WARN_SUSPICIOUS_MOVE = YES;
				CLANG_WARN_UNGUARDED_AVAILABILITY = YES_AGGRESSIVE;
				CLANG_WARN_UNREACHABLE_CODE = YES;
				CLANG_WARN__DUPLICATE_METHOD_MATCH = YES;
				COPY_PHASE_STRIP = NO;
				DEBUG_INFORMATION_FORMAT = "dwarf-with-dsym";
				ENABLE_NS_ASSERTIONS = NO;
				ENABLE_STRICT_OBJC_MSGSEND = YES;
				ENABLE_USER_SCRIPT_SANDBOXING = YES;
				GCC_C_LANGUAGE_STANDARD = gnu17;
				GCC_NO_COMMON_BLOCKS = YES;
				GCC_WARN_64_TO_32_BIT_CONVERSION = YES;
				GCC_WARN_ABOUT_RETURN_TYPE = YES_ERROR;
				GCC_WARN_UNDECLARED_SELECTOR = YES;
				GCC_WARN_UNINITIALIZED_AUTOS = YES_AGGRESSIVE;
				GCC_WARN_UNUSED_FUNCTION = YES;
				GCC_WARN_UNUSED_VARIABLE = YES;
				IPHONEOS_DEPLOYMENT_TARGET = 17.0;
				LOCALIZATION_PREFERS_STRING_CATALOGS = YES;
				MTL_ENABLE_DEBUG_INFO = NO;
				MTL_FAST_MATH = YES;
				SDKROOT = iphoneos;
				SWIFT_COMPILATION_MODE = wholemodule;
				VALIDATE_PRODUCT = YES;
			};
			name = Release;
		};
		760DD0002AD167EF004D9315 /* Debug */ = {
			isa = XCBuildConfiguration;
			buildSettings = {
				ASSETCATALOG_COMPILER_APPICON_NAME = AppIcon;
				ASSETCATALOG_COMPILER_GLOBAL_ACCENT_COLOR_NAME = AccentColor;
				CODE_SIGN_STYLE = Automatic;
				CURRENT_PROJECT_VERSION = 1;
				DEVELOPMENT_ASSET_PATHS = "\"Terra/Preview Content\"";
				DEVELOPMENT_TEAM = GHRFT69K59;
				ENABLE_PREVIEWS = YES;
				GENERATE_INFOPLIST_FILE = YES;
				INFOPLIST_KEY_UIApplicationSceneManifest_Generation = YES;
				INFOPLIST_KEY_UIApplicationSupportsIndirectInputEvents = YES;
				INFOPLIST_KEY_UILaunchScreen_Generation = YES;
				INFOPLIST_KEY_UIStatusBarStyle = "";
				INFOPLIST_KEY_UISupportedInterfaceOrientations = UIInterfaceOrientationPortrait;
				IPHONEOS_DEPLOYMENT_TARGET = 16.4;
				LD_RUNPATH_SEARCH_PATHS = (
					"$(inherited)",
					"@executable_path/Frameworks",
				);
				MARKETING_VERSION = 1.0;
				PRODUCT_BUNDLE_IDENTIFIER = com.adrielrusli.Terra;
				PRODUCT_NAME = "$(TARGET_NAME)";
				SWIFT_EMIT_LOC_STRINGS = YES;
				SWIFT_VERSION = 5.0;
				TARGETED_DEVICE_FAMILY = "1,2";
			};
			name = Debug;
		};
		760DD0012AD167EF004D9315 /* Release */ = {
			isa = XCBuildConfiguration;
			buildSettings = {
				ASSETCATALOG_COMPILER_APPICON_NAME = AppIcon;
				ASSETCATALOG_COMPILER_GLOBAL_ACCENT_COLOR_NAME = AccentColor;
				CODE_SIGN_STYLE = Automatic;
				CURRENT_PROJECT_VERSION = 1;
				DEVELOPMENT_ASSET_PATHS = "\"Terra/Preview Content\"";
				DEVELOPMENT_TEAM = GHRFT69K59;
				ENABLE_PREVIEWS = YES;
				GENERATE_INFOPLIST_FILE = YES;
				INFOPLIST_KEY_UIApplicationSceneManifest_Generation = YES;
				INFOPLIST_KEY_UIApplicationSupportsIndirectInputEvents = YES;
				INFOPLIST_KEY_UILaunchScreen_Generation = YES;
				INFOPLIST_KEY_UIStatusBarStyle = "";
				INFOPLIST_KEY_UISupportedInterfaceOrientations = UIInterfaceOrientationPortrait;
				IPHONEOS_DEPLOYMENT_TARGET = 16.4;
				LD_RUNPATH_SEARCH_PATHS = (
					"$(inherited)",
					"@executable_path/Frameworks",
				);
				MARKETING_VERSION = 1.0;
				PRODUCT_BUNDLE_IDENTIFIER = com.adrielrusli.Terra;
				PRODUCT_NAME = "$(TARGET_NAME)";
				SWIFT_EMIT_LOC_STRINGS = YES;
				SWIFT_VERSION = 5.0;
				TARGETED_DEVICE_FAMILY = "1,2";
			};
			name = Release;
		};
/* End XCBuildConfiguration section */

/* Begin XCConfigurationList section */
		760DCFEC2AD167EE004D9315 /* Build configuration list for PBXProject "Terra" */ = {
			isa = XCConfigurationList;
			buildConfigurations = (
				760DCFFD2AD167EF004D9315 /* Debug */,
				760DCFFE2AD167EF004D9315 /* Release */,
			);
			defaultConfigurationIsVisible = 0;
			defaultConfigurationName = Release;
		};
		760DCFFF2AD167EF004D9315 /* Build configuration list for PBXNativeTarget "Terra" */ = {
			isa = XCConfigurationList;
			buildConfigurations = (
				760DD0002AD167EF004D9315 /* Debug */,
				760DD0012AD167EF004D9315 /* Release */,
			);
			defaultConfigurationIsVisible = 0;
			defaultConfigurationName = Release;
		};
/* End XCConfigurationList section */
	};
	rootObject = 760DCFE92AD167EE004D9315 /* Project object */;
}
